
Microsoft Visual Studio Solution File, Format Version 12.00
# Visual Studio Version 17
VisualStudioVersion = 17.4.33205.214
MinimumVisualStudioVersion = 10.0.40219.1
Project("{FAE04EC0-301F-11D3-BF4B-00C04F79EFBC}") = "PracticeHW", "PracticeHW.csproj", "{7827C1C7-4B4E-4EB3-9409-D5AE5F314842}"
EndProject
Global
	GlobalSection(SolutionConfigurationPlatforms) = preSolution
		Debug|Any CPU = Debug|Any CPU
		Release|Any CPU = Release|Any CPU
	EndGlobalSection
	GlobalSection(ProjectConfigurationPlatforms) = postSolution
		{7827C1C7-4B4E-4EB3-9409-D5AE5F314842}.Debug|Any CPU.ActiveCfg = Debug|Any CPU
		{7827C1C7-4B4E-4EB3-9409-D5AE5F314842}.Debug|Any CPU.Build.0 = Debug|Any CPU
		{7827C1C7-4B4E-4EB3-9409-D5AE5F314842}.Release|Any CPU.ActiveCfg = Release|Any CPU
		{7827C1C7-4B4E-4EB3-9409-D5AE5F314842}.Release|Any CPU.Build.0 = Release|Any CPU
	EndGlobalSection
	GlobalSection(SolutionProperties) = preSolution
		HideSolutionNode = FALSE
	EndGlobalSection
	GlobalSection(ExtensibilityGlobals) = postSolution
		SolutionGuid = {14C1AAAC-FDAE-4A3B-98B8-E835C9D97EC1}
	EndGlobalSection
EndGlobal
